
Microsoft Visual Studio Solution File, Format Version 12.00
# Visual Studio Version 16
VisualStudioVersion = 16.0.29709.97
MinimumVisualStudioVersion = 10.0.40219.1
Project("{FAE04EC0-301F-11D3-BF4B-00C04F79EFBC}") = "Cosarca_Roxana_Lab2", "Cosarca_Roxana_Lab2.csproj", "{D6FFB8F5-F78A-4D3C-8F49-77F5266A3BED}"
EndProject
Global
	GlobalSection(SolutionConfigurationPlatforms) = preSolution
		Debug|Any CPU = Debug|Any CPU
		Release|Any CPU = Release|Any CPU
	EndGlobalSection
	GlobalSection(ProjectConfigurationPlatforms) = postSolution
		{D6FFB8F5-F78A-4D3C-8F49-77F5266A3BED}.Debug|Any CPU.ActiveCfg = Debug|Any CPU
		{D6FFB8F5-F78A-4D3C-8F49-77F5266A3BED}.Debug|Any CPU.Build.0 = Debug|Any CPU
		{D6FFB8F5-F78A-4D3C-8F49-77F5266A3BED}.Release|Any CPU.ActiveCfg = Release|Any CPU
		{D6FFB8F5-F78A-4D3C-8F49-77F5266A3BED}.Release|Any CPU.Build.0 = Release|Any CPU
	EndGlobalSection
	GlobalSection(SolutionProperties) = preSolution
		HideSolutionNode = FALSE
	EndGlobalSection
	GlobalSection(ExtensibilityGlobals) = postSolution
		SolutionGuid = {4DA91D9A-E894-4624-BCA4-06B2FFA72CED}
	EndGlobalSection
EndGlobal
